
Microsoft Visual Studio Solution File, Format Version 12.00
# Visual Studio Version 17
VisualStudioVersion = 17.11.35219.272
MinimumVisualStudioVersion = 10.0.40219.1
Project("{FAE04EC0-301F-11D3-BF4B-00C04F79EFBC}") = "API", "API.csproj", "{37BF8B4C-1D45-41CA-BC48-DF667E24B03E}"
EndProject
Global
	GlobalSection(SolutionConfigurationPlatforms) = preSolution
		Debug|Any CPU = Debug|Any CPU
		Release|Any CPU = Release|Any CPU
	EndGlobalSection
	GlobalSection(ProjectConfigurationPlatforms) = postSolution
		{37BF8B4C-1D45-41CA-BC48-DF667E24B03E}.Debug|Any CPU.ActiveCfg = Debug|Any CPU
		{37BF8B4C-1D45-41CA-BC48-DF667E24B03E}.Debug|Any CPU.Build.0 = Debug|Any CPU
		{37BF8B4C-1D45-41CA-BC48-DF667E24B03E}.Release|Any CPU.ActiveCfg = Release|Any CPU
		{37BF8B4C-1D45-41CA-BC48-DF667E24B03E}.Release|Any CPU.Build.0 = Release|Any CPU
	EndGlobalSection
	GlobalSection(SolutionProperties) = preSolution
		HideSolutionNode = FALSE
	EndGlobalSection
	GlobalSection(ExtensibilityGlobals) = postSolution
		SolutionGuid = {A5DF7188-99DF-46C2-BDB9-196F3610322E}
	EndGlobalSection
EndGlobal
